
Microsoft Visual Studio Solution File, Format Version 12.00
# Visual Studio Version 16
VisualStudioVersion = 16.0.29326.143
MinimumVisualStudioVersion = 10.0.40219.1
Project("{FAE04EC0-301F-11D3-BF4B-00C04F79EFBC}") = "Ame.Gaas.Admin", "Ame.Gaas.Admin\Ame.Gaas.Admin.csproj", "{F64F4301-1422-48D7-A64A-F566522BFECB}"
EndProject
Project("{FAE04EC0-301F-11D3-BF4B-00C04F79EFBC}") = "ClassLibrary.Gaas.Models", "ClassLibrary.Gaas.Models\ClassLibrary.Gaas.Models.csproj", "{FB30B3B4-6D9B-4850-95D5-C93B79B3AA28}"
EndProject
Project("{FAE04EC0-301F-11D3-BF4B-00C04F79EFBC}") = "ClassLibrary.Gaas.Business", "ClassLibrary.Gaas.Business\ClassLibrary.Gaas.Business.csproj", "{C0DA1EFC-5AAF-45AD-BBE8-C36B2B51C374}"
EndProject
Project("{FAE04EC0-301F-11D3-BF4B-00C04F79EFBC}") = "ClassLibrary.Gaas.MongoDb", "ClassLibrary.Gaas.MongoDb\ClassLibrary.Gaas.MongoDb.csproj", "{06CCEF5F-1415-4FE2-A7C3-26BD3AD4DA41}"
EndProject
Project("{FAE04EC0-301F-11D3-BF4B-00C04F79EFBC}") = "ClassLibrary.Gaas.Shared", "ClassLibrary.Gaas.Shared\ClassLibrary.Gaas.Shared.csproj", "{1FF1DB50-358B-43EA-B8EC-302156AA767A}"
EndProject
Global
	GlobalSection(SolutionConfigurationPlatforms) = preSolution
		Debug|Any CPU = Debug|Any CPU
		Release|Any CPU = Release|Any CPU
	EndGlobalSection
	GlobalSection(ProjectConfigurationPlatforms) = postSolution
		{F64F4301-1422-48D7-A64A-F566522BFECB}.Debug|Any CPU.ActiveCfg = Debug|Any CPU
		{F64F4301-1422-48D7-A64A-F566522BFECB}.Debug|Any CPU.Build.0 = Debug|Any CPU
		{F64F4301-1422-48D7-A64A-F566522BFECB}.Release|Any CPU.ActiveCfg = Release|Any CPU
		{F64F4301-1422-48D7-A64A-F566522BFECB}.Release|Any CPU.Build.0 = Release|Any CPU
		{FB30B3B4-6D9B-4850-95D5-C93B79B3AA28}.Debug|Any CPU.ActiveCfg = Debug|Any CPU
		{FB30B3B4-6D9B-4850-95D5-C93B79B3AA28}.Debug|Any CPU.Build.0 = Debug|Any CPU
		{FB30B3B4-6D9B-4850-95D5-C93B79B3AA28}.Release|Any CPU.ActiveCfg = Release|Any CPU
		{FB30B3B4-6D9B-4850-95D5-C93B79B3AA28}.Release|Any CPU.Build.0 = Release|Any CPU
		{C0DA1EFC-5AAF-45AD-BBE8-C36B2B51C374}.Debug|Any CPU.ActiveCfg = Debug|Any CPU
		{C0DA1EFC-5AAF-45AD-BBE8-C36B2B51C374}.Debug|Any CPU.Build.0 = Debug|Any CPU
		{C0DA1EFC-5AAF-45AD-BBE8-C36B2B51C374}.Release|Any CPU.ActiveCfg = Release|Any CPU
		{C0DA1EFC-5AAF-45AD-BBE8-C36B2B51C374}.Release|Any CPU.Build.0 = Release|Any CPU
		{06CCEF5F-1415-4FE2-A7C3-26BD3AD4DA41}.Debug|Any CPU.ActiveCfg = Debug|Any CPU
		{06CCEF5F-1415-4FE2-A7C3-26BD3AD4DA41}.Debug|Any CPU.Build.0 = Debug|Any CPU
		{06CCEF5F-1415-4FE2-A7C3-26BD3AD4DA41}.Release|Any CPU.ActiveCfg = Release|Any CPU
		{06CCEF5F-1415-4FE2-A7C3-26BD3AD4DA41}.Release|Any CPU.Build.0 = Release|Any CPU
		{1FF1DB50-358B-43EA-B8EC-302156AA767A}.Debug|Any CPU.ActiveCfg = Debug|Any CPU
		{1FF1DB50-358B-43EA-B8EC-302156AA767A}.Debug|Any CPU.Build.0 = Debug|Any CPU
		{1FF1DB50-358B-43EA-B8EC-302156AA767A}.Release|Any CPU.ActiveCfg = Release|Any CPU
		{1FF1DB50-358B-43EA-B8EC-302156AA767A}.Release|Any CPU.Build.0 = Release|Any CPU
	EndGlobalSection
	GlobalSection(SolutionProperties) = preSolution
		HideSolutionNode = FALSE
	EndGlobalSection
	GlobalSection(ExtensibilityGlobals) = postSolution
		SolutionGuid = {054EA33B-F6EE-4836-852A-7754D3482B94}
	EndGlobalSection
EndGlobal
